
Microsoft Visual Studio Solution File, Format Version 12.00
# Visual Studio 15
Project("{FAE04EC0-301F-11D3-BF4B-00C04F79EFBC}") = "Assembly-CSharp", "Assembly-CSharp.csproj", "{C6E6723E-A5F7-9A64-18AB-B8249A8327F7}"
EndProject
Project("{FAE04EC0-301F-11D3-BF4B-00C04F79EFBC}") = "Assembly-CSharp-Editor", "Assembly-CSharp-Editor.csproj", "{A89D80F4-5FB1-ACE1-E6CE-ECF77435FB27}"
EndProject
Global
	GlobalSection(SolutionConfigurationPlatforms) = preSolution
		Debug|Any CPU = Debug|Any CPU
		Release|Any CPU = Release|Any CPU
	EndGlobalSection
	GlobalSection(ProjectConfigurationPlatforms) = postSolution
		{C6E6723E-A5F7-9A64-18AB-B8249A8327F7}.Debug|Any CPU.ActiveCfg = Debug|Any CPU
		{C6E6723E-A5F7-9A64-18AB-B8249A8327F7}.Debug|Any CPU.Build.0 = Debug|Any CPU
		{C6E6723E-A5F7-9A64-18AB-B8249A8327F7}.Release|Any CPU.ActiveCfg = Release|Any CPU
		{C6E6723E-A5F7-9A64-18AB-B8249A8327F7}.Release|Any CPU.Build.0 = Release|Any CPU
		{A89D80F4-5FB1-ACE1-E6CE-ECF77435FB27}.Debug|Any CPU.ActiveCfg = Debug|Any CPU
		{A89D80F4-5FB1-ACE1-E6CE-ECF77435FB27}.Debug|Any CPU.Build.0 = Debug|Any CPU
		{A89D80F4-5FB1-ACE1-E6CE-ECF77435FB27}.Release|Any CPU.ActiveCfg = Release|Any CPU
		{A89D80F4-5FB1-ACE1-E6CE-ECF77435FB27}.Release|Any CPU.Build.0 = Release|Any CPU
	EndGlobalSection
	GlobalSection(SolutionProperties) = preSolution
		HideSolutionNode = FALSE
	EndGlobalSection
EndGlobal
