
Microsoft Visual Studio Solution File, Format Version 11.00
# Visual Studio 2010
Project("{FAE04EC0-301F-11D3-BF4B-00C04F79EFBC}") = "Assembly-CSharp", "Assembly-CSharp.csproj", "{3e72e6c6-f7a5-649a-18ab-b8249a8327f7}"
EndProject
Project("{FAE04EC0-301F-11D3-BF4B-00C04F79EFBC}") = "Assembly-CSharp-Editor", "Assembly-CSharp-Editor.csproj", "{f4809da8-b15f-e1ac-e6ce-ecf77435fb27}"
EndProject
Global
	GlobalSection(SolutionConfigurationPlatforms) = preSolution
		Debug|Any CPU = Debug|Any CPU
	EndGlobalSection
	GlobalSection(ProjectConfigurationPlatforms) = postSolution
		{3e72e6c6-f7a5-649a-18ab-b8249a8327f7}.Debug|Any CPU.ActiveCfg = Debug|Any CPU
		{3e72e6c6-f7a5-649a-18ab-b8249a8327f7}.Debug|Any CPU.Build.0 = Debug|Any CPU
		{f4809da8-b15f-e1ac-e6ce-ecf77435fb27}.Debug|Any CPU.ActiveCfg = Debug|Any CPU
		{f4809da8-b15f-e1ac-e6ce-ecf77435fb27}.Debug|Any CPU.Build.0 = Debug|Any CPU
	EndGlobalSection
	GlobalSection(SolutionProperties) = preSolution
		HideSolutionNode = FALSE
	EndGlobalSection
EndGlobal
